
Microsoft Visual Studio Solution File, Format Version 12.00
# Visual Studio 14
VisualStudioVersion = 14.0.25420.1
MinimumVisualStudioVersion = 10.0.40219.1
Project("{FAE04EC0-301F-11D3-BF4B-00C04F79EFBC}") = "Intervals", "Intervals\Intervals.csproj", "{7EAAF930-35C7-4929-9792-255CE875AB57}"
EndProject
Project("{FAE04EC0-301F-11D3-BF4B-00C04F79EFBC}") = "Intervals.Tests", "Intervals.Tests\Intervals.Tests.csproj", "{709DD485-0318-45BD-9400-55ABEFF7341C}"
EndProject
Project("{2150E333-8FDC-42A3-9474-1A3956D46DE8}") = "Solution Items", "Solution Items", "{3BBB93F6-2B0B-4E0E-B392-E14545A04E2A}"
	ProjectSection(SolutionItems) = preProject
		.gitattributes = .gitattributes
		.gitignore = .gitignore
		appveyor.yml = appveyor.yml
		CodeMaid.config = CodeMaid.config
		GitVersionConfig.yaml = GitVersionConfig.yaml
		license.md = license.md
		readme.md = readme.md
		Strict.ruleset = Strict.ruleset
		stylecop.json = stylecop.json
		Tests.ruleset = Tests.ruleset
	EndProjectSection
EndProject
Project("{FAE04EC0-301F-11D3-BF4B-00C04F79EFBC}") = "Package", "Package\Package.csproj", "{42F0CAFE-AD84-43E5-97F2-3E0E8B9EDB3E}"
	ProjectSection(ProjectDependencies) = postProject
		{7EAAF930-35C7-4929-9792-255CE875AB57} = {7EAAF930-35C7-4929-9792-255CE875AB57}
	EndProjectSection
EndProject
Global
	GlobalSection(SolutionConfigurationPlatforms) = preSolution
		Debug|Any CPU = Debug|Any CPU
		Release|Any CPU = Release|Any CPU
	EndGlobalSection
	GlobalSection(ProjectConfigurationPlatforms) = postSolution
		{7EAAF930-35C7-4929-9792-255CE875AB57}.Debug|Any CPU.ActiveCfg = Debug|Any CPU
		{7EAAF930-35C7-4929-9792-255CE875AB57}.Debug|Any CPU.Build.0 = Debug|Any CPU
		{7EAAF930-35C7-4929-9792-255CE875AB57}.Release|Any CPU.ActiveCfg = Release|Any CPU
		{7EAAF930-35C7-4929-9792-255CE875AB57}.Release|Any CPU.Build.0 = Release|Any CPU
		{709DD485-0318-45BD-9400-55ABEFF7341C}.Debug|Any CPU.ActiveCfg = Debug|Any CPU
		{709DD485-0318-45BD-9400-55ABEFF7341C}.Debug|Any CPU.Build.0 = Debug|Any CPU
		{709DD485-0318-45BD-9400-55ABEFF7341C}.Release|Any CPU.ActiveCfg = Release|Any CPU
		{709DD485-0318-45BD-9400-55ABEFF7341C}.Release|Any CPU.Build.0 = Release|Any CPU
		{42F0CAFE-AD84-43E5-97F2-3E0E8B9EDB3E}.Debug|Any CPU.ActiveCfg = Debug|Any CPU
		{42F0CAFE-AD84-43E5-97F2-3E0E8B9EDB3E}.Debug|Any CPU.Build.0 = Debug|Any CPU
		{42F0CAFE-AD84-43E5-97F2-3E0E8B9EDB3E}.Release|Any CPU.ActiveCfg = Release|Any CPU
		{42F0CAFE-AD84-43E5-97F2-3E0E8B9EDB3E}.Release|Any CPU.Build.0 = Release|Any CPU
	EndGlobalSection
	GlobalSection(SolutionProperties) = preSolution
		HideSolutionNode = FALSE
	EndGlobalSection
EndGlobal
